
Microsoft Visual Studio Solution File, Format Version 12.00
# Visual Studio Version 17
VisualStudioVersion = 17.5.002.0
MinimumVisualStudioVersion = 10.0.40219.1
Project("{9A19103F-16F7-4668-BE54-9A1E7A4F7556}") = "SearchApi", "SearchApi.csproj", "{EB4275DB-581E-4D43-8DA3-C69EB12A74B3}"
EndProject
Global
	GlobalSection(SolutionConfigurationPlatforms) = preSolution
		Debug|Any CPU = Debug|Any CPU
		Release|Any CPU = Release|Any CPU
	EndGlobalSection
	GlobalSection(ProjectConfigurationPlatforms) = postSolution
		{EB4275DB-581E-4D43-8DA3-C69EB12A74B3}.Debug|Any CPU.ActiveCfg = Debug|Any CPU
		{EB4275DB-581E-4D43-8DA3-C69EB12A74B3}.Debug|Any CPU.Build.0 = Debug|Any CPU
		{EB4275DB-581E-4D43-8DA3-C69EB12A74B3}.Release|Any CPU.ActiveCfg = Release|Any CPU
		{EB4275DB-581E-4D43-8DA3-C69EB12A74B3}.Release|Any CPU.Build.0 = Release|Any CPU
	EndGlobalSection
	GlobalSection(SolutionProperties) = preSolution
		HideSolutionNode = FALSE
	EndGlobalSection
	GlobalSection(ExtensibilityGlobals) = postSolution
		SolutionGuid = {48EC7458-13B5-4773-948E-3C528A0C2A4C}
	EndGlobalSection
EndGlobal
